
Microsoft Visual Studio Solution File, Format Version 12.00
# Visual Studio Version 17
VisualStudioVersion = 17.0.31912.275
MinimumVisualStudioVersion = 10.0.40219.1
Project("{9A19103F-16F7-4668-BE54-9A1E7A4F7556}") = "SplitJoin", "SplitJoin\SplitJoin.csproj", "{C855B5DA-B2E6-49B5-A722-C597F5A79D0F}"
EndProject
Project("{9A19103F-16F7-4668-BE54-9A1E7A4F7556}") = "ICSharpCode.SharpZibLib", "ICSharpCode.SharpZibLib\ICSharpCode.SharpZibLib.csproj", "{83E5DC41-2EA0-4291-A2D9-48B7AC34DABD}"
EndProject
Project("{9A19103F-16F7-4668-BE54-9A1E7A4F7556}") = "ArrayUtility", "ArrayUtility\ArrayUtility.csproj", "{DBC35948-72A7-421D-889E-DAA1E4C1AC07}"
EndProject
Project("{9A19103F-16F7-4668-BE54-9A1E7A4F7556}") = "lzma", "lzma\lzma.csproj", "{8A1C2D8F-699F-4117-ADF9-2570805F5B1F}"
EndProject
Project("{2150E333-8FDC-42A3-9474-1A3956D46DE8}") = "Solution Items", "Solution Items", "{2DEDECC4-2B2A-4509-8C59-643BDD678856}"
	ProjectSection(SolutionItems) = preProject
		.editorconfig = .editorconfig
	EndProjectSection
EndProject
Global
	GlobalSection(SolutionConfigurationPlatforms) = preSolution
		Debug|Any CPU = Debug|Any CPU
		Release|Any CPU = Release|Any CPU
	EndGlobalSection
	GlobalSection(ProjectConfigurationPlatforms) = postSolution
		{C855B5DA-B2E6-49B5-A722-C597F5A79D0F}.Debug|Any CPU.ActiveCfg = Debug|Any CPU
		{C855B5DA-B2E6-49B5-A722-C597F5A79D0F}.Debug|Any CPU.Build.0 = Debug|Any CPU
		{C855B5DA-B2E6-49B5-A722-C597F5A79D0F}.Release|Any CPU.ActiveCfg = Release|Any CPU
		{C855B5DA-B2E6-49B5-A722-C597F5A79D0F}.Release|Any CPU.Build.0 = Release|Any CPU
		{83E5DC41-2EA0-4291-A2D9-48B7AC34DABD}.Debug|Any CPU.ActiveCfg = Debug|Any CPU
		{83E5DC41-2EA0-4291-A2D9-48B7AC34DABD}.Debug|Any CPU.Build.0 = Debug|Any CPU
		{83E5DC41-2EA0-4291-A2D9-48B7AC34DABD}.Release|Any CPU.ActiveCfg = Release|Any CPU
		{83E5DC41-2EA0-4291-A2D9-48B7AC34DABD}.Release|Any CPU.Build.0 = Release|Any CPU
		{DBC35948-72A7-421D-889E-DAA1E4C1AC07}.Debug|Any CPU.ActiveCfg = Debug|Any CPU
		{DBC35948-72A7-421D-889E-DAA1E4C1AC07}.Debug|Any CPU.Build.0 = Debug|Any CPU
		{DBC35948-72A7-421D-889E-DAA1E4C1AC07}.Release|Any CPU.ActiveCfg = Release|Any CPU
		{DBC35948-72A7-421D-889E-DAA1E4C1AC07}.Release|Any CPU.Build.0 = Release|Any CPU
		{8A1C2D8F-699F-4117-ADF9-2570805F5B1F}.Debug|Any CPU.ActiveCfg = Debug|Any CPU
		{8A1C2D8F-699F-4117-ADF9-2570805F5B1F}.Debug|Any CPU.Build.0 = Debug|Any CPU
		{8A1C2D8F-699F-4117-ADF9-2570805F5B1F}.Release|Any CPU.ActiveCfg = Release|Any CPU
		{8A1C2D8F-699F-4117-ADF9-2570805F5B1F}.Release|Any CPU.Build.0 = Release|Any CPU
	EndGlobalSection
	GlobalSection(SolutionProperties) = preSolution
		HideSolutionNode = FALSE
	EndGlobalSection
	GlobalSection(ExtensibilityGlobals) = postSolution
		SolutionGuid = {86DF0E64-EEC8-4C38-BC3B-B2B4CCB30CAD}
	EndGlobalSection
EndGlobal
